// !$*UTF8*$!
{
	archiveVersion = 1;
	classes = {
	};
	objectVersion = 77;
	objects = {

/* Begin PBXBuildFile section */
		5C38BB122D17109A00CE0663 /* Alamofire in Frameworks */ = {isa = PBXBuildFile; productRef = 5C38BB112D17109A00CE0663 /* Alamofire */; };
		5CF49A392CF920BC00EE1B24 /* FirebaseAnalytics in Frameworks */ = {isa = PBXBuildFile; productRef = 5CF49A382CF920BC00EE1B24 /* FirebaseAnalytics */; };
		5CF49A3B2CF920BC00EE1B24 /* FirebaseAuth in Frameworks */ = {isa = PBXBuildFile; productRef = 5CF49A3A2CF920BC00EE1B24 /* FirebaseAuth */; };
		5CF49A3D2CF920BC00EE1B24 /* FirebaseCore in Frameworks */ = {isa = PBXBuildFile; productRef = 5CF49A3C2CF920BC00EE1B24 /* FirebaseCore */; };
		5CF49A3F2CF920BC00EE1B24 /* FirebaseDatabase in Frameworks */ = {isa = PBXBuildFile; productRef = 5CF49A3E2CF920BC00EE1B24 /* FirebaseDatabase */; };
		5CF49A412CF920BC00EE1B24 /* FirebaseFirestore in Frameworks */ = {isa = PBXBuildFile; productRef = 5CF49A402CF920BC00EE1B24 /* FirebaseFirestore */; };
		5CF49A432CF920BC00EE1B24 /* FirebaseMessaging in Frameworks */ = {isa = PBXBuildFile; productRef = 5CF49A422CF920BC00EE1B24 /* FirebaseMessaging */; };
		5CF49A452CF920BC00EE1B24 /* FirebaseStorage in Frameworks */ = {isa = PBXBuildFile; productRef = 5CF49A442CF920BC00EE1B24 /* FirebaseStorage */; };
/* End PBXBuildFile section */

/* Begin PBXFileReference section */
		5CEF08832CEB2680009CB194 /* Jobify.app */ = {isa = PBXFileReference; explicitFileType = wrapper.application; includeInIndex = 0; path = Jobify.app; sourceTree = BUILT_PRODUCTS_DIR; };
/* End PBXFileReference section */

/* Begin PBXFileSystemSynchronizedBuildFileExceptionSet section */
		5CEF08952CEB2683009CB194 /* Exceptions for "Jobify" folder in "Jobify" target */ = {
			isa = PBXFileSystemSynchronizedBuildFileExceptionSet;
			membershipExceptions = (
				Info.plist,
			);
			target = 5CEF08822CEB2680009CB194 /* Jobify */;
		};
/* End PBXFileSystemSynchronizedBuildFileExceptionSet section */

/* Begin PBXFileSystemSynchronizedRootGroup section */
		5CEF08852CEB2680009CB194 /* Jobify */ = {
			isa = PBXFileSystemSynchronizedRootGroup;
			exceptions = (
				5CEF08952CEB2683009CB194 /* Exceptions for "Jobify" folder in "Jobify" target */,
			);
			path = Jobify;
			sourceTree = "<group>";
		};
/* End PBXFileSystemSynchronizedRootGroup section */

/* Begin PBXFrameworksBuildPhase section */
		5CEF08802CEB2680009CB194 /* Frameworks */ = {
			isa = PBXFrameworksBuildPhase;
			buildActionMask = 2147483647;
			files = (
				5CF49A432CF920BC00EE1B24 /* FirebaseMessaging in Frameworks */,
				5C38BB122D17109A00CE0663 /* Alamofire in Frameworks */,
				5CF49A392CF920BC00EE1B24 /* FirebaseAnalytics in Frameworks */,
				5CF49A3D2CF920BC00EE1B24 /* FirebaseCore in Frameworks */,
				5CF49A3F2CF920BC00EE1B24 /* FirebaseDatabase in Frameworks */,
				5CF49A452CF920BC00EE1B24 /* FirebaseStorage in Frameworks */,
				5CF49A412CF920BC00EE1B24 /* FirebaseFirestore in Frameworks */,
				5CF49A3B2CF920BC00EE1B24 /* FirebaseAuth in Frameworks */,
			);
			runOnlyForDeploymentPostprocessing = 0;
		};
/* End PBXFrameworksBuildPhase section */

/* Begin PBXGroup section */
		5CEF087A2CEB2680009CB194 = {
			isa = PBXGroup;
			children = (
				5CEF08852CEB2680009CB194 /* Jobify */,
				5CEF08842CEB2680009CB194 /* Products */,
			);
			sourceTree = "<group>";
		};
		5CEF08842CEB2680009CB194 /* Products */ = {
			isa = PBXGroup;
			children = (
				5CEF08832CEB2680009CB194 /* Jobify.app */,
			);
			name = Products;
			sourceTree = "<group>";
		};
/* End PBXGroup section */

/* Begin PBXNativeTarget section */
		5CEF08822CEB2680009CB194 /* Jobify */ = {
			isa = PBXNativeTarget;
			buildConfigurationList = 5CEF08962CEB2683009CB194 /* Build configuration list for PBXNativeTarget "Jobify" */;
			buildPhases = (
				5CEF087F2CEB2680009CB194 /* Sources */,
				5CEF08802CEB2680009CB194 /* Frameworks */,
				5CEF08812CEB2680009CB194 /* Resources */,
			);
			buildRules = (
			);
			dependencies = (
			);
			fileSystemSynchronizedGroups = (
				5CEF08852CEB2680009CB194 /* Jobify */,
			);
			name = Jobify;
			packageProductDependencies = (
				5CF49A382CF920BC00EE1B24 /* FirebaseAnalytics */,
				5CF49A3A2CF920BC00EE1B24 /* FirebaseAuth */,
				5CF49A3C2CF920BC00EE1B24 /* FirebaseCore */,
				5CF49A3E2CF920BC00EE1B24 /* FirebaseDatabase */,
				5CF49A402CF920BC00EE1B24 /* FirebaseFirestore */,
				5CF49A422CF920BC00EE1B24 /* FirebaseMessaging */,
				5CF49A442CF920BC00EE1B24 /* FirebaseStorage */,
				5C38BB112D17109A00CE0663 /* Alamofire */,
			);
			productName = Jobify;
			productReference = 5CEF08832CEB2680009CB194 /* Jobify.app */;
			productType = "com.apple.product-type.application";
		};
/* End PBXNativeTarget section */

/* Begin PBXProject section */
		5CEF087B2CEB2680009CB194 /* Project object */ = {
			isa = PBXProject;
			attributes = {
				BuildIndependentTargetsInParallel = 1;
				LastSwiftUpdateCheck = 1610;
				LastUpgradeCheck = 1610;
				TargetAttributes = {
					5CEF08822CEB2680009CB194 = {
						CreatedOnToolsVersion = 16.1;
					};
				};
			};
			buildConfigurationList = 5CEF087E2CEB2680009CB194 /* Build configuration list for PBXProject "Jobify" */;
			developmentRegion = en;
			hasScannedForEncodings = 0;
			knownRegions = (
				en,
				Base,
			);
			mainGroup = 5CEF087A2CEB2680009CB194;
			minimizedProjectReferenceProxies = 1;
			packageReferences = (
				5CF49A372CF920BC00EE1B24 /* XCRemoteSwiftPackageReference "firebase-ios-sdk" */,
				5C38BB102D17109A00CE0663 /* XCRemoteSwiftPackageReference "Alamofire" */,
			);
			preferredProjectObjectVersion = 77;
			productRefGroup = 5CEF08842CEB2680009CB194 /* Products */;
			projectDirPath = "";
			projectRoot = "";
			targets = (
				5CEF08822CEB2680009CB194 /* Jobify */,
			);
		};
/* End PBXProject section */

/* Begin PBXResourcesBuildPhase section */
		5CEF08812CEB2680009CB194 /* Resources */ = {
			isa = PBXResourcesBuildPhase;
			buildActionMask = 2147483647;
			files = (
			);
			runOnlyForDeploymentPostprocessing = 0;
		};
/* End PBXResourcesBuildPhase section */

/* Begin PBXSourcesBuildPhase section */
		5CEF087F2CEB2680009CB194 /* Sources */ = {
			isa = PBXSourcesBuildPhase;
			buildActionMask = 2147483647;
			files = (
			);
			runOnlyForDeploymentPostprocessing = 0;
		};
/* End PBXSourcesBuildPhase section */

/* Begin XCBuildConfiguration section */
		5CEF08972CEB2683009CB194 /* Debug */ = {
			isa = XCBuildConfiguration;
			buildSettings = {
				ASSETCATALOG_COMPILER_APPICON_NAME = AppIcon;
				ASSETCATALOG_COMPILER_GLOBAL_ACCENT_COLOR_NAME = AccentColor;
				CODE_SIGN_STYLE = Automatic;
				CURRENT_PROJECT_VERSION = 1;
				GENERATE_INFOPLIST_FILE = YES;
				INFOPLIST_FILE = Jobify/Info.plist;
				INFOPLIST_KEY_UIApplicationSupportsIndirectInputEvents = YES;
				INFOPLIST_KEY_UILaunchStoryboardName = LaunchScreen;
				INFOPLIST_KEY_UIMainStoryboardFile = Main;
				INFOPLIST_KEY_UISupportedInterfaceOrientations_iPad = "UIInterfaceOrientationPortrait UIInterfaceOrientationPortraitUpsideDown UIInterfaceOrientationLandscapeLeft UIInterfaceOrientationLandscapeRight";
				INFOPLIST_KEY_UISupportedInterfaceOrientations_iPhone = "UIInterfaceOrientationPortrait UIInterfaceOrientationLandscapeLeft UIInterfaceOrientationLandscapeRight";
				LD_RUNPATH_SEARCH_PATHS = (
					"$(inherited)",
					"@executable_path/Frameworks",
				);
				MARKETING_VERSION = 1.0;
				PRODUCT_BUNDLE_IDENTIFIER = com.maryam.Jobify;
				PRODUCT_NAME = "$(TARGET_NAME)";
				SWIFT_EMIT_LOC_STRINGS = YES;
				SWIFT_VERSION = 5.0;
				TARGETED_DEVICE_FAMILY = "1,2";
			};
			name = Debug;
		};
		5CEF08982CEB2683009CB194 /* Release */ = {
			isa = XCBuildConfiguration;
			buildSettings = {
				ASSETCATALOG_COMPILER_APPICON_NAME = AppIcon;
				ASSETCATALOG_COMPILER_GLOBAL_ACCENT_COLOR_NAME = AccentColor;
				CODE_SIGN_STYLE = Automatic;
				CURRENT_PROJECT_VERSION = 1;
				GENERATE_INFOPLIST_FILE = YES;
				INFOPLIST_FILE = Jobify/Info.plist;
				INFOPLIST_KEY_UIApplicationSupportsIndirectInputEvents = YES;
				INFOPLIST_KEY_UILaunchStoryboardName = LaunchScreen;
				INFOPLIST_KEY_UIMainStoryboardFile = Main;
				INFOPLIST_KEY_UISupportedInterfaceOrientations_iPad = "UIInterfaceOrientationPortrait UIInterfaceOrientationPortraitUpsideDown UIInterfaceOrientationLandscapeLeft UIInterfaceOrientationLandscapeRight";
				INFOPLIST_KEY_UISupportedInterfaceOrientations_iPhone = "UIInterfaceOrientationPortrait UIInterfaceOrientationLandscapeLeft UIInterfaceOrientationLandscapeRight";
				LD_RUNPATH_SEARCH_PATHS = (
					"$(inherited)",
					"@executable_path/Frameworks",
				);
				MARKETING_VERSION = 1.0;
				PRODUCT_BUNDLE_IDENTIFIER = com.maryam.Jobify;
				PRODUCT_NAME = "$(TARGET_NAME)";
				SWIFT_EMIT_LOC_STRINGS = YES;
				SWIFT_VERSION = 5.0;
				TARGETED_DEVICE_FAMILY = "1,2";
			};
			name = Release;
		};
		5CEF08992CEB2683009CB194 /* Debug */ = {
			isa = XCBuildConfiguration;
			buildSettings = {
				ALWAYS_SEARCH_USER_PATHS = NO;
				ASSETCATALOG_COMPILER_GENERATE_SWIFT_ASSET_SYMBOL_EXTENSIONS = YES;
				CLANG_ANALYZER_NONNULL = YES;
				CLANG_ANALYZER_NUMBER_OBJECT_CONVERSION = YES_AGGRESSIVE;
				CLANG_CXX_LANGUAGE_STANDARD = "gnu++20";
				CLANG_ENABLE_MODULES = YES;
				CLANG_ENABLE_OBJC_ARC = YES;
				CLANG_ENABLE_OBJC_WEAK = YES;
				CLANG_WARN_BLOCK_CAPTURE_AUTORELEASING = YES;
				CLANG_WARN_BOOL_CONVERSION = YES;
				CLANG_WARN_COMMA = YES;
				CLANG_WARN_CONSTANT_CONVERSION = YES;
				CLANG_WARN_DEPRECATED_OBJC_IMPLEMENTATIONS = YES;
				CLANG_WARN_DIRECT_OBJC_ISA_USAGE = YES_ERROR;
				CLANG_WARN_DOCUMENTATION_COMMENTS = YES;
				CLANG_WARN_EMPTY_BODY = YES;
				CLANG_WARN_ENUM_CONVERSION = YES;
				CLANG_WARN_INFINITE_RECURSION = YES;
				CLANG_WARN_INT_CONVERSION = YES;
				CLANG_WARN_NON_LITERAL_NULL_CONVERSION = YES;
				CLANG_WARN_OBJC_IMPLICIT_RETAIN_SELF = YES;
				CLANG_WARN_OBJC_LITERAL_CONVERSION = YES;
				CLANG_WARN_OBJC_ROOT_CLASS = YES_ERROR;
				CLANG_WARN_QUOTED_INCLUDE_IN_FRAMEWORK_HEADER = YES;
				CLANG_WARN_RANGE_LOOP_ANALYSIS = YES;
				CLANG_WARN_STRICT_PROTOTYPES = YES;
				CLANG_WARN_SUSPICIOUS_MOVE = YES;
				CLANG_WARN_UNGUARDED_AVAILABILITY = YES_AGGRESSIVE;
				CLANG_WARN_UNREACHABLE_CODE = YES;
				CLANG_WARN__DUPLICATE_METHOD_MATCH = YES;
				COPY_PHASE_STRIP = NO;
				DEBUG_INFORMATION_FORMAT = dwarf;
				ENABLE_STRICT_OBJC_MSGSEND = YES;
				ENABLE_TESTABILITY = YES;
				ENABLE_USER_SCRIPT_SANDBOXING = YES;
				GCC_C_LANGUAGE_STANDARD = gnu17;
				GCC_DYNAMIC_NO_PIC = NO;
				GCC_NO_COMMON_BLOCKS = YES;
				GCC_OPTIMIZATION_LEVEL = 0;
				GCC_PREPROCESSOR_DEFINITIONS = (
					"DEBUG=1",
					"$(inherited)",
				);
				GCC_WARN_64_TO_32_BIT_CONVERSION = YES;
				GCC_WARN_ABOUT_RETURN_TYPE = YES_ERROR;
				GCC_WARN_UNDECLARED_SELECTOR = YES;
				GCC_WARN_UNINITIALIZED_AUTOS = YES_AGGRESSIVE;
				GCC_WARN_UNUSED_FUNCTION = YES;
				GCC_WARN_UNUSED_VARIABLE = YES;
				IPHONEOS_DEPLOYMENT_TARGET = 18.1;
				LOCALIZATION_PREFERS_STRING_CATALOGS = YES;
				MTL_ENABLE_DEBUG_INFO = INCLUDE_SOURCE;
				MTL_FAST_MATH = YES;
				ONLY_ACTIVE_ARCH = YES;
				SDKROOT = iphoneos;
				SWIFT_ACTIVE_COMPILATION_CONDITIONS = "DEBUG $(inherited)";
				SWIFT_OPTIMIZATION_LEVEL = "-Onone";
			};
			name = Debug;
		};
		5CEF089A2CEB2683009CB194 /* Release */ = {
			isa = XCBuildConfiguration;
			buildSettings = {
				ALWAYS_SEARCH_USER_PATHS = NO;
				ASSETCATALOG_COMPILER_GENERATE_SWIFT_ASSET_SYMBOL_EXTENSIONS = YES;
				CLANG_ANALYZER_NONNULL = YES;
				CLANG_ANALYZER_NUMBER_OBJECT_CONVERSION = YES_AGGRESSIVE;
				CLANG_CXX_LANGUAGE_STANDARD = "gnu++20";
				CLANG_ENABLE_MODULES = YES;
				CLANG_ENABLE_OBJC_ARC = YES;
				CLANG_ENABLE_OBJC_WEAK = YES;
				CLANG_WARN_BLOCK_CAPTURE_AUTORELEASING = YES;
				CLANG_WARN_BOOL_CONVERSION = YES;
				CLANG_WARN_COMMA = YES;
				CLANG_WARN_CONSTANT_CONVERSION = YES;
				CLANG_WARN_DEPRECATED_OBJC_IMPLEMENTATIONS = YES;
				CLANG_WARN_DIRECT_OBJC_ISA_USAGE = YES_ERROR;
				CLANG_WARN_DOCUMENTATION_COMMENTS = YES;
				CLANG_WARN_EMPTY_BODY = YES;
				CLANG_WARN_ENUM_CONVERSION = YES;
				CLANG_WARN_INFINITE_RECURSION = YES;
				CLANG_WARN_INT_CONVERSION = YES;
				CLANG_WARN_NON_LITERAL_NULL_CONVERSION = YES;
				CLANG_WARN_OBJC_IMPLICIT_RETAIN_SELF = YES;
				CLANG_WARN_OBJC_LITERAL_CONVERSION = YES;
				CLANG_WARN_OBJC_ROOT_CLASS = YES_ERROR;
				CLANG_WARN_QUOTED_INCLUDE_IN_FRAMEWORK_HEADER = YES;
				CLANG_WARN_RANGE_LOOP_ANALYSIS = YES;
				CLANG_WARN_STRICT_PROTOTYPES = YES;
				CLANG_WARN_SUSPICIOUS_MOVE = YES;
				CLANG_WARN_UNGUARDED_AVAILABILITY = YES_AGGRESSIVE;
				CLANG_WARN_UNREACHABLE_CODE = YES;
				CLANG_WARN__DUPLICATE_METHOD_MATCH = YES;
				COPY_PHASE_STRIP = NO;
				DEBUG_INFORMATION_FORMAT = "dwarf-with-dsym";
				ENABLE_NS_ASSERTIONS = NO;
				ENABLE_STRICT_OBJC_MSGSEND = YES;
				ENABLE_USER_SCRIPT_SANDBOXING = YES;
				GCC_C_LANGUAGE_STANDARD = gnu17;
				GCC_NO_COMMON_BLOCKS = YES;
				GCC_WARN_64_TO_32_BIT_CONVERSION = YES;
				GCC_WARN_ABOUT_RETURN_TYPE = YES_ERROR;
				GCC_WARN_UNDECLARED_SELECTOR = YES;
				GCC_WARN_UNINITIALIZED_AUTOS = YES_AGGRESSIVE;
				GCC_WARN_UNUSED_FUNCTION = YES;
				GCC_WARN_UNUSED_VARIABLE = YES;
				IPHONEOS_DEPLOYMENT_TARGET = 18.1;
				LOCALIZATION_PREFERS_STRING_CATALOGS = YES;
				MTL_ENABLE_DEBUG_INFO = NO;
				MTL_FAST_MATH = YES;
				SDKROOT = iphoneos;
				SWIFT_COMPILATION_MODE = wholemodule;
				VALIDATE_PRODUCT = YES;
			};
			name = Release;
		};
/* End XCBuildConfiguration section */

/* Begin XCConfigurationList section */
		5CEF087E2CEB2680009CB194 /* Build configuration list for PBXProject "Jobify" */ = {
			isa = XCConfigurationList;
			buildConfigurations = (
				5CEF08992CEB2683009CB194 /* Debug */,
				5CEF089A2CEB2683009CB194 /* Release */,
			);
			defaultConfigurationIsVisible = 0;
			defaultConfigurationName = Release;
		};
		5CEF08962CEB2683009CB194 /* Build configuration list for PBXNativeTarget "Jobify" */ = {
			isa = XCConfigurationList;
			buildConfigurations = (
				5CEF08972CEB2683009CB194 /* Debug */,
				5CEF08982CEB2683009CB194 /* Release */,
			);
			defaultConfigurationIsVisible = 0;
			defaultConfigurationName = Release;
		};
/* End XCConfigurationList section */

/* Begin XCRemoteSwiftPackageReference section */
		5C38BB102D17109A00CE0663 /* XCRemoteSwiftPackageReference "Alamofire" */ = {
			isa = XCRemoteSwiftPackageReference;
			repositoryURL = "https://github.com/Alamofire/Alamofire";
			requirement = {
				kind = upToNextMajorVersion;
				minimumVersion = 5.10.2;
			};
		};
		5CF49A372CF920BC00EE1B24 /* XCRemoteSwiftPackageReference "firebase-ios-sdk" */ = {
			isa = XCRemoteSwiftPackageReference;
			repositoryURL = "https://github.com/firebase/firebase-ios-sdk";
			requirement = {
				kind = upToNextMajorVersion;
				minimumVersion = 11.5.0;
			};
		};
/* End XCRemoteSwiftPackageReference section */

/* Begin XCSwiftPackageProductDependency section */
		5C38BB112D17109A00CE0663 /* Alamofire */ = {
			isa = XCSwiftPackageProductDependency;
			package = 5C38BB102D17109A00CE0663 /* XCRemoteSwiftPackageReference "Alamofire" */;
			productName = Alamofire;
		};
		5CF49A382CF920BC00EE1B24 /* FirebaseAnalytics */ = {
			isa = XCSwiftPackageProductDependency;
			package = 5CF49A372CF920BC00EE1B24 /* XCRemoteSwiftPackageReference "firebase-ios-sdk" */;
			productName = FirebaseAnalytics;
		};
		5CF49A3A2CF920BC00EE1B24 /* FirebaseAuth */ = {
			isa = XCSwiftPackageProductDependency;
			package = 5CF49A372CF920BC00EE1B24 /* XCRemoteSwiftPackageReference "firebase-ios-sdk" */;
			productName = FirebaseAuth;
		};
		5CF49A3C2CF920BC00EE1B24 /* FirebaseCore */ = {
			isa = XCSwiftPackageProductDependency;
			package = 5CF49A372CF920BC00EE1B24 /* XCRemoteSwiftPackageReference "firebase-ios-sdk" */;
			productName = FirebaseCore;
		};
		5CF49A3E2CF920BC00EE1B24 /* FirebaseDatabase */ = {
			isa = XCSwiftPackageProductDependency;
			package = 5CF49A372CF920BC00EE1B24 /* XCRemoteSwiftPackageReference "firebase-ios-sdk" */;
			productName = FirebaseDatabase;
		};
		5CF49A402CF920BC00EE1B24 /* FirebaseFirestore */ = {
			isa = XCSwiftPackageProductDependency;
			package = 5CF49A372CF920BC00EE1B24 /* XCRemoteSwiftPackageReference "firebase-ios-sdk" */;
			productName = FirebaseFirestore;
		};
		5CF49A422CF920BC00EE1B24 /* FirebaseMessaging */ = {
			isa = XCSwiftPackageProductDependency;
			package = 5CF49A372CF920BC00EE1B24 /* XCRemoteSwiftPackageReference "firebase-ios-sdk" */;
			productName = FirebaseMessaging;
		};
		5CF49A442CF920BC00EE1B24 /* FirebaseStorage */ = {
			isa = XCSwiftPackageProductDependency;
			package = 5CF49A372CF920BC00EE1B24 /* XCRemoteSwiftPackageReference "firebase-ios-sdk" */;
			productName = FirebaseStorage;
		};
/* End XCSwiftPackageProductDependency section */
	};
	rootObject = 5CEF087B2CEB2680009CB194 /* Project object */;
}
